
Microsoft Visual Studio Solution File, Format Version 12.00
# Visual Studio Version 17
VisualStudioVersion = 17.12.35527.113
MinimumVisualStudioVersion = 10.0.40219.1
Project("{FAE04EC0-301F-11D3-BF4B-00C04F79EFBC}") = "IlkUygulamam", "IlkUygulamam\IlkUygulamam.csproj", "{B4E2051C-ACF0-44EB-9460-A867B0358746}"
EndProject
Project("{FAE04EC0-301F-11D3-BF4B-00C04F79EFBC}") = "DegiskenlerIleUygulama", "DegiskenlerIleUygulama\DegiskenlerIleUygulama.csproj", "{F1BF9B84-8740-4D27-BFE8-1D27CFC82EF8}"
EndProject
Project("{FAE04EC0-301F-11D3-BF4B-00C04F79EFBC}") = "If_Else", "If_Else\If_Else.csproj", "{99051CE7-A8D5-45A0-BC3C-295D88A230DB}"
EndProject
Project("{FAE04EC0-301F-11D3-BF4B-00C04F79EFBC}") = "IfElse_SwitchCase", "IfElse_SwitchCase\IfElse_SwitchCase.csproj", "{6DF6DD95-98A0-428F-8C5E-2DF53299AEAC}"
EndProject
Project("{FAE04EC0-301F-11D3-BF4B-00C04F79EFBC}") = "BilgiYarismasi", "BilgiYarismasi\BilgiYarismasi.csproj", "{D1EF8E78-5641-483D-8EA5-05CC09F84824}"
EndProject
Global
	GlobalSection(SolutionConfigurationPlatforms) = preSolution
		Debug|Any CPU = Debug|Any CPU
		Release|Any CPU = Release|Any CPU
	EndGlobalSection
	GlobalSection(ProjectConfigurationPlatforms) = postSolution
		{B4E2051C-ACF0-44EB-9460-A867B0358746}.Debug|Any CPU.ActiveCfg = Debug|Any CPU
		{B4E2051C-ACF0-44EB-9460-A867B0358746}.Debug|Any CPU.Build.0 = Debug|Any CPU
		{B4E2051C-ACF0-44EB-9460-A867B0358746}.Release|Any CPU.ActiveCfg = Release|Any CPU
		{B4E2051C-ACF0-44EB-9460-A867B0358746}.Release|Any CPU.Build.0 = Release|Any CPU
		{F1BF9B84-8740-4D27-BFE8-1D27CFC82EF8}.Debug|Any CPU.ActiveCfg = Debug|Any CPU
		{F1BF9B84-8740-4D27-BFE8-1D27CFC82EF8}.Debug|Any CPU.Build.0 = Debug|Any CPU
		{F1BF9B84-8740-4D27-BFE8-1D27CFC82EF8}.Release|Any CPU.ActiveCfg = Release|Any CPU
		{F1BF9B84-8740-4D27-BFE8-1D27CFC82EF8}.Release|Any CPU.Build.0 = Release|Any CPU
		{99051CE7-A8D5-45A0-BC3C-295D88A230DB}.Debug|Any CPU.ActiveCfg = Debug|Any CPU
		{99051CE7-A8D5-45A0-BC3C-295D88A230DB}.Debug|Any CPU.Build.0 = Debug|Any CPU
		{99051CE7-A8D5-45A0-BC3C-295D88A230DB}.Release|Any CPU.ActiveCfg = Release|Any CPU
		{99051CE7-A8D5-45A0-BC3C-295D88A230DB}.Release|Any CPU.Build.0 = Release|Any CPU
		{6DF6DD95-98A0-428F-8C5E-2DF53299AEAC}.Debug|Any CPU.ActiveCfg = Debug|Any CPU
		{6DF6DD95-98A0-428F-8C5E-2DF53299AEAC}.Debug|Any CPU.Build.0 = Debug|Any CPU
		{6DF6DD95-98A0-428F-8C5E-2DF53299AEAC}.Release|Any CPU.ActiveCfg = Release|Any CPU
		{6DF6DD95-98A0-428F-8C5E-2DF53299AEAC}.Release|Any CPU.Build.0 = Release|Any CPU
		{D1EF8E78-5641-483D-8EA5-05CC09F84824}.Debug|Any CPU.ActiveCfg = Debug|Any CPU
		{D1EF8E78-5641-483D-8EA5-05CC09F84824}.Debug|Any CPU.Build.0 = Debug|Any CPU
		{D1EF8E78-5641-483D-8EA5-05CC09F84824}.Release|Any CPU.ActiveCfg = Release|Any CPU
		{D1EF8E78-5641-483D-8EA5-05CC09F84824}.Release|Any CPU.Build.0 = Release|Any CPU
	EndGlobalSection
	GlobalSection(SolutionProperties) = preSolution
		HideSolutionNode = FALSE
	EndGlobalSection
EndGlobal
